
Microsoft Visual Studio Solution File, Format Version 12.00
# Visual Studio 14
VisualStudioVersion = 14.0.25420.1
MinimumVisualStudioVersion = 10.0.40219.1
Project("{2150E333-8FDC-42A3-9474-1A3956D46DE8}") = "src", "src", "{1DC11D49-BCDA-4F55-9FFB-B30A7EC57896}"
EndProject
Project("{2150E333-8FDC-42A3-9474-1A3956D46DE8}") = "Solution Items", "Solution Items", "{CEBD6C3E-D4FD-4F20-BC5D-C49325B1A387}"
	ProjectSection(SolutionItems) = preProject
		global.json = global.json
	EndProjectSection
EndProject
Project("{8BB2217D-0F2D-49D1-97BC-3654ED321F3B}") = "Keybotrain", "src\Keybotrain\Keybotrain.xproj", "{226DBC88-0BAD-4EDC-9D4F-B21660A20E64}"
EndProject
Global
	GlobalSection(SolutionConfigurationPlatforms) = preSolution
		Debug|Any CPU = Debug|Any CPU
		Release|Any CPU = Release|Any CPU
	EndGlobalSection
	GlobalSection(ProjectConfigurationPlatforms) = postSolution
		{226DBC88-0BAD-4EDC-9D4F-B21660A20E64}.Debug|Any CPU.ActiveCfg = Debug|Any CPU
		{226DBC88-0BAD-4EDC-9D4F-B21660A20E64}.Debug|Any CPU.Build.0 = Debug|Any CPU
		{226DBC88-0BAD-4EDC-9D4F-B21660A20E64}.Release|Any CPU.ActiveCfg = Release|Any CPU
		{226DBC88-0BAD-4EDC-9D4F-B21660A20E64}.Release|Any CPU.Build.0 = Release|Any CPU
	EndGlobalSection
	GlobalSection(SolutionProperties) = preSolution
		HideSolutionNode = FALSE
	EndGlobalSection
	GlobalSection(NestedProjects) = preSolution
		{226DBC88-0BAD-4EDC-9D4F-B21660A20E64} = {1DC11D49-BCDA-4F55-9FFB-B30A7EC57896}
	EndGlobalSection
EndGlobal
